
Microsoft Visual Studio Solution File, Format Version 12.00
# Visual Studio 15
VisualStudioVersion = 15.0.27428.2015
MinimumVisualStudioVersion = 10.0.40219.1
Project("{FAE04EC0-301F-11D3-BF4B-00C04F79EFBC}") = "NestedBorder", "NestedBorder\NestedBorder.csproj", "{613BC4A8-13CC-4A5D-ACEA-C2D69911F074}"
EndProject
Global
	GlobalSection(SolutionConfigurationPlatforms) = preSolution
		Debug|Any CPU = Debug|Any CPU
		Release|Any CPU = Release|Any CPU
	EndGlobalSection
	GlobalSection(ProjectConfigurationPlatforms) = postSolution
		{613BC4A8-13CC-4A5D-ACEA-C2D69911F074}.Debug|Any CPU.ActiveCfg = Debug|Any CPU
		{613BC4A8-13CC-4A5D-ACEA-C2D69911F074}.Debug|Any CPU.Build.0 = Debug|Any CPU
		{613BC4A8-13CC-4A5D-ACEA-C2D69911F074}.Release|Any CPU.ActiveCfg = Release|Any CPU
		{613BC4A8-13CC-4A5D-ACEA-C2D69911F074}.Release|Any CPU.Build.0 = Release|Any CPU
	EndGlobalSection
	GlobalSection(SolutionProperties) = preSolution
		HideSolutionNode = FALSE
	EndGlobalSection
	GlobalSection(ExtensibilityGlobals) = postSolution
		SolutionGuid = {6F4FE879-CC4F-40CA-870F-9E45BAB1A4D9}
	EndGlobalSection
EndGlobal
